// !$*UTF8*$!
{
	archiveVersion = 1;
	classes = {
	};
	objectVersion = 50;
	objects = {

/* Begin PBXBuildFile section */
		8E4A397025CAAF5D00024AF4 /* libglfw3.a in Embed Libraries */ = {isa = PBXBuildFile; fileRef = 8E4A391F25CAAF4700024AF4 /* libglfw3.a */; settings = {ATTRIBUTES = (CodeSignOnCopy, ); }; };
		8E4A399425CAAF8A00024AF4 /* libglfw3.a in Frameworks */ = {isa = PBXBuildFile; fileRef = 8E4A391F25CAAF4700024AF4 /* libglfw3.a */; };
		8E4A3A2125CABC3B00024AF4 /* Cocoa.framework in Frameworks */ = {isa = PBXBuildFile; fileRef = 8E86BDF725CAA87000EC6043 /* Cocoa.framework */; };
		8E4A3A2225CABC3B00024AF4 /* Cocoa.framework in Embed Libraries */ = {isa = PBXBuildFile; fileRef = 8E86BDF725CAA87000EC6043 /* Cocoa.framework */; settings = {ATTRIBUTES = (RemoveHeadersOnCopy, ); }; };
		8E4A3A2325CABC3C00024AF4 /* CoreVideo.framework in Frameworks */ = {isa = PBXBuildFile; fileRef = 8E86BDFD25CAA88D00EC6043 /* CoreVideo.framework */; };
		8E4A3A2425CABC3C00024AF4 /* CoreVideo.framework in Embed Libraries */ = {isa = PBXBuildFile; fileRef = 8E86BDFD25CAA88D00EC6043 /* CoreVideo.framework */; settings = {ATTRIBUTES = (RemoveHeadersOnCopy, ); }; };
		8E4A3A2525CABC3E00024AF4 /* GLUT.framework in Frameworks */ = {isa = PBXBuildFile; fileRef = 8E86BDFB25CAA88100EC6043 /* GLUT.framework */; };
		8E4A3A2625CABC3E00024AF4 /* GLUT.framework in Embed Libraries */ = {isa = PBXBuildFile; fileRef = 8E86BDFB25CAA88100EC6043 /* GLUT.framework */; settings = {ATTRIBUTES = (RemoveHeadersOnCopy, ); }; };
		8E4A3A2725CABC3F00024AF4 /* IOKit.framework in Frameworks */ = {isa = PBXBuildFile; fileRef = 8E86BDFF25CAA89400EC6043 /* IOKit.framework */; };
		8E4A3A2825CABC3F00024AF4 /* IOKit.framework in Embed Libraries */ = {isa = PBXBuildFile; fileRef = 8E86BDFF25CAA89400EC6043 /* IOKit.framework */; settings = {ATTRIBUTES = (RemoveHeadersOnCopy, ); }; };
		8E4A3A2925CABC4000024AF4 /* OpenGL.framework in Frameworks */ = {isa = PBXBuildFile; fileRef = 8E86BDF925CAA87C00EC6043 /* OpenGL.framework */; };
		8E4A3A2A25CABC4000024AF4 /* OpenGL.framework in Embed Libraries */ = {isa = PBXBuildFile; fileRef = 8E86BDF925CAA87C00EC6043 /* OpenGL.framework */; settings = {ATTRIBUTES = (RemoveHeadersOnCopy, ); }; };
		8E4AD70F25DFC05E00B24BE2 /* shader.cpp in Sources */ = {isa = PBXBuildFile; fileRef = 8E4AD70E25DFC05E00B24BE2 /* shader.cpp */; };
		8EC0331325CB8E6500571E15 /* glad.c in Sources */ = {isa = PBXBuildFile; fileRef = 8EC0331225CB8E6500571E15 /* glad.c */; };
		8EC0333925CB9D9600571E15 /* main.cpp in Sources */ = {isa = PBXBuildFile; fileRef = 8E86B8A425CA8CFE00EC6043 /* main.cpp */; };
		8ECE517C25DFBE5D002018F3 /* stb_image.cpp in Sources */ = {isa = PBXBuildFile; fileRef = 8ECE517B25DFBE5D002018F3 /* stb_image.cpp */; };
/* End PBXBuildFile section */

/* Begin PBXContainerItemProxy section */
		8E4A391025CAAF4700024AF4 /* PBXContainerItemProxy */ = {
			isa = PBXContainerItemProxy;
			containerPortal = 8E4A38EA25CAAF4600024AF4 /* GLFW.xcodeproj */;
			proxyType = 2;
			remoteGlobalIDString = 2C8FEFA246164C9B9CAB6E4D;
			remoteInfo = boing;
		};
		8E4A391225CAAF4700024AF4 /* PBXContainerItemProxy */ = {
			isa = PBXContainerItemProxy;
			containerPortal = 8E4A38EA25CAAF4600024AF4 /* GLFW.xcodeproj */;
			proxyType = 2;
			remoteGlobalIDString = 8797BAAFF5354A3D8C0B55E0;
			remoteInfo = clipboard;
		};
		8E4A391425CAAF4700024AF4 /* PBXContainerItemProxy */ = {
			isa = PBXContainerItemProxy;
			containerPortal = 8E4A38EA25CAAF4600024AF4 /* GLFW.xcodeproj */;
			proxyType = 2;
			remoteGlobalIDString = 966411CEDD8645B48E80B49E;
			remoteInfo = cursor;
		};
		8E4A391625CAAF4700024AF4 /* PBXContainerItemProxy */ = {
			isa = PBXContainerItemProxy;
			containerPortal = 8E4A38EA25CAAF4600024AF4 /* GLFW.xcodeproj */;
			proxyType = 2;
			remoteGlobalIDString = 0EF5DF5D6AAF4742AB9F926B;
			remoteInfo = empty;
		};
		8E4A391825CAAF4700024AF4 /* PBXContainerItemProxy */ = {
			isa = PBXContainerItemProxy;
			containerPortal = 8E4A38EA25CAAF4600024AF4 /* GLFW.xcodeproj */;
			proxyType = 2;
			remoteGlobalIDString = A793AD5D9A594E16ABD42E55;
			remoteInfo = events;
		};
		8E4A391A25CAAF4700024AF4 /* PBXContainerItemProxy */ = {
			isa = PBXContainerItemProxy;
			containerPortal = 8E4A38EA25CAAF4600024AF4 /* GLFW.xcodeproj */;
			proxyType = 2;
			remoteGlobalIDString = 51168A5232664DF8AD91492D;
			remoteInfo = gamma;
		};
		8E4A391C25CAAF4700024AF4 /* PBXContainerItemProxy */ = {
			isa = PBXContainerItemProxy;
			containerPortal = 8E4A38EA25CAAF4600024AF4 /* GLFW.xcodeproj */;
			proxyType = 2;
			remoteGlobalIDString = 3BFC5C8892FC499395467E70;
			remoteInfo = gears;
		};
		8E4A391E25CAAF4700024AF4 /* PBXContainerItemProxy */ = {
			isa = PBXContainerItemProxy;
			containerPortal = 8E4A38EA25CAAF4600024AF4 /* GLFW.xcodeproj */;
			proxyType = 2;
			remoteGlobalIDString = 9EEFF80BB2E547FF86048507;
			remoteInfo = glfw;
		};
		8E4A392025CAAF4700024AF4 /* PBXContainerItemProxy */ = {
			isa = PBXContainerItemProxy;
			containerPortal = 8E4A38EA25CAAF4600024AF4 /* GLFW.xcodeproj */;
			proxyType = 2;
			remoteGlobalIDString = DAEC5C48F6CB4FF29D0E8E74;
			remoteInfo = glfwinfo;
		};
		8E4A392225CAAF4700024AF4 /* PBXContainerItemProxy */ = {
			isa = PBXContainerItemProxy;
			containerPortal = 8E4A38EA25CAAF4600024AF4 /* GLFW.xcodeproj */;
			proxyType = 2;
			remoteGlobalIDString = DC07D08ACD56494CA074CD22;
			remoteInfo = heightmap;
		};
		8E4A392425CAAF4700024AF4 /* PBXContainerItemProxy */ = {
			isa = PBXContainerItemProxy;
			containerPortal = 8E4A38EA25CAAF4600024AF4 /* GLFW.xcodeproj */;
			proxyType = 2;
			remoteGlobalIDString = A5D4FCB55298494F8935819E;
			remoteInfo = icon;
		};
		8E4A392625CAAF4700024AF4 /* PBXContainerItemProxy */ = {
			isa = PBXContainerItemProxy;
			containerPortal = 8E4A38EA25CAAF4600024AF4 /* GLFW.xcodeproj */;
			proxyType = 2;
			remoteGlobalIDString = FFEB06ABC67A481A8588AA17;
			remoteInfo = iconify;
		};
		8E4A392825CAAF4700024AF4 /* PBXContainerItemProxy */ = {
			isa = PBXContainerItemProxy;
			containerPortal = 8E4A38EA25CAAF4600024AF4 /* GLFW.xcodeproj */;
			proxyType = 2;
			remoteGlobalIDString = 5443A10F67154F219E6A5CEA;
			remoteInfo = inputlag;
		};
		8E4A392A25CAAF4700024AF4 /* PBXContainerItemProxy */ = {
			isa = PBXContainerItemProxy;
			containerPortal = 8E4A38EA25CAAF4600024AF4 /* GLFW.xcodeproj */;
			proxyType = 2;
			remoteGlobalIDString = EAF93A61070C4BE7B7689350;
			remoteInfo = joysticks;
		};
		8E4A392C25CAAF4700024AF4 /* PBXContainerItemProxy */ = {
			isa = PBXContainerItemProxy;
			containerPortal = 8E4A38EA25CAAF4600024AF4 /* GLFW.xcodeproj */;
			proxyType = 2;
			remoteGlobalIDString = B9B1C8EE81A640218E87E6AD;
			remoteInfo = monitors;
		};
		8E4A392E25CAAF4700024AF4 /* PBXContainerItemProxy */ = {
			isa = PBXContainerItemProxy;
			containerPortal = 8E4A38EA25CAAF4600024AF4 /* GLFW.xcodeproj */;
			proxyType = 2;
			remoteGlobalIDString = A1DE18F476B44465A41C7233;
			remoteInfo = msaa;
		};
		8E4A393025CAAF4700024AF4 /* PBXContainerItemProxy */ = {
			isa = PBXContainerItemProxy;
			containerPortal = 8E4A38EA25CAAF4600024AF4 /* GLFW.xcodeproj */;
			proxyType = 2;
			remoteGlobalIDString = 97924A5156D54406A6D711C2;
			remoteInfo = offscreen;
		};
		8E4A393225CAAF4700024AF4 /* PBXContainerItemProxy */ = {
			isa = PBXContainerItemProxy;
			containerPortal = 8E4A38EA25CAAF4600024AF4 /* GLFW.xcodeproj */;
			proxyType = 2;
			remoteGlobalIDString = 57B92CF83C634572B249B979;
			remoteInfo = particles;
		};
		8E4A393425CAAF4700024AF4 /* PBXContainerItemProxy */ = {
			isa = PBXContainerItemProxy;
			containerPortal = 8E4A38EA25CAAF4600024AF4 /* GLFW.xcodeproj */;
			proxyType = 2;
			remoteGlobalIDString = 1229986CD5BE4B47A31F5E1D;
			remoteInfo = reopen;
		};
		8E4A393625CAAF4700024AF4 /* PBXContainerItemProxy */ = {
			isa = PBXContainerItemProxy;
			containerPortal = 8E4A38EA25CAAF4600024AF4 /* GLFW.xcodeproj */;
			proxyType = 2;
			remoteGlobalIDString = EA99F195C03A4CFAB07F38B7;
			remoteInfo = sharing;
		};
		8E4A393825CAAF4700024AF4 /* PBXContainerItemProxy */ = {
			isa = PBXContainerItemProxy;
			containerPortal = 8E4A38EA25CAAF4600024AF4 /* GLFW.xcodeproj */;
			proxyType = 2;
			remoteGlobalIDString = B6CC8E73B7F84F88A3D1925A;
			remoteInfo = splitview;
		};
		8E4A393A25CAAF4700024AF4 /* PBXContainerItemProxy */ = {
			isa = PBXContainerItemProxy;
			containerPortal = 8E4A38EA25CAAF4600024AF4 /* GLFW.xcodeproj */;
			proxyType = 2;
			remoteGlobalIDString = 9AACD2F7A3D749F48061BA96;
			remoteInfo = tearing;
		};
		8E4A393C25CAAF4700024AF4 /* PBXContainerItemProxy */ = {
			isa = PBXContainerItemProxy;
			containerPortal = 8E4A38EA25CAAF4600024AF4 /* GLFW.xcodeproj */;
			proxyType = 2;
			remoteGlobalIDString = 7A29A00F78614A3599987381;
			remoteInfo = threads;
		};
		8E4A393E25CAAF4700024AF4 /* PBXContainerItemProxy */ = {
			isa = PBXContainerItemProxy;
			containerPortal = 8E4A38EA25CAAF4600024AF4 /* GLFW.xcodeproj */;
			proxyType = 2;
			remoteGlobalIDString = ED86118F4B3C438CBEF90A33;
			remoteInfo = timeout;
		};
		8E4A394025CAAF4700024AF4 /* PBXContainerItemProxy */ = {
			isa = PBXContainerItemProxy;
			containerPortal = 8E4A38EA25CAAF4600024AF4 /* GLFW.xcodeproj */;
			proxyType = 2;
			remoteGlobalIDString = 9DE4D7AF25764B6D99F16455;
			remoteInfo = title;
		};
		8E4A394225CAAF4700024AF4 /* PBXContainerItemProxy */ = {
			isa = PBXContainerItemProxy;
			containerPortal = 8E4A38EA25CAAF4600024AF4 /* GLFW.xcodeproj */;
			proxyType = 2;
			remoteGlobalIDString = BDF4AE6F11FA4DA981D09800;
			remoteInfo = "triangle-opengl";
		};
		8E4A394425CAAF4700024AF4 /* PBXContainerItemProxy */ = {
			isa = PBXContainerItemProxy;
			containerPortal = 8E4A38EA25CAAF4600024AF4 /* GLFW.xcodeproj */;
			proxyType = 2;
			remoteGlobalIDString = 014F21596D044F70A30D2212;
			remoteInfo = "triangle-vulkan";
		};
		8E4A394625CAAF4700024AF4 /* PBXContainerItemProxy */ = {
			isa = PBXContainerItemProxy;
			containerPortal = 8E4A38EA25CAAF4600024AF4 /* GLFW.xcodeproj */;
			proxyType = 2;
			remoteGlobalIDString = BD345F1AB71747A7AD8419A6;
			remoteInfo = wave;
		};
		8E4A394825CAAF4700024AF4 /* PBXContainerItemProxy */ = {
			isa = PBXContainerItemProxy;
			containerPortal = 8E4A38EA25CAAF4600024AF4 /* GLFW.xcodeproj */;
			proxyType = 2;
			remoteGlobalIDString = E8187167D5404D1AA85E0F05;
			remoteInfo = window;
		};
		8E4A394A25CAAF4700024AF4 /* PBXContainerItemProxy */ = {
			isa = PBXContainerItemProxy;
			containerPortal = 8E4A38EA25CAAF4600024AF4 /* GLFW.xcodeproj */;
			proxyType = 2;
			remoteGlobalIDString = 6C03FFACA0904199928E110C;
			remoteInfo = windows;
		};
/* End PBXContainerItemProxy section */

/* Begin PBXCopyFilesBuildPhase section */
		8E86BC5C25CAA05700EC6043 /* Embed Libraries */ = {
			isa = PBXCopyFilesBuildPhase;
			buildActionMask = 2147483647;
			dstPath = "";
			dstSubfolderSpec = 10;
			files = (
				8E4A3A2225CABC3B00024AF4 /* Cocoa.framework in Embed Libraries */,
				8E4A397025CAAF5D00024AF4 /* libglfw3.a in Embed Libraries */,
				8E4A3A2625CABC3E00024AF4 /* GLUT.framework in Embed Libraries */,
				8E4A3A2825CABC3F00024AF4 /* IOKit.framework in Embed Libraries */,
				8E4A3A2425CABC3C00024AF4 /* CoreVideo.framework in Embed Libraries */,
				8E4A3A2A25CABC4000024AF4 /* OpenGL.framework in Embed Libraries */,
			);
			name = "Embed Libraries";
			runOnlyForDeploymentPostprocessing = 0;
		};
/* End PBXCopyFilesBuildPhase section */

/* Begin PBXFileReference section */
		8E4A38EA25CAAF4600024AF4 /* GLFW.xcodeproj */ = {isa = PBXFileReference; lastKnownFileType = "wrapper.pb-project"; name = GLFW.xcodeproj; path = ../glfw/build/GLFW.xcodeproj; sourceTree = "<group>"; };
		8E4AD70E25DFC05E00B24BE2 /* shader.cpp */ = {isa = PBXFileReference; lastKnownFileType = sourcecode.cpp.cpp; path = shader.cpp; sourceTree = "<group>"; };
		8E4AD73B25E0ADDB00B24BE2 /* awesomeface.png */ = {isa = PBXFileReference; lastKnownFileType = image.png; path = awesomeface.png; sourceTree = "<group>"; };
		8E86B8A125CA8CFE00EC6043 /* openGLPractice */ = {isa = PBXFileReference; explicitFileType = "compiled.mach-o.executable"; includeInIndex = 0; path = openGLPractice; sourceTree = BUILT_PRODUCTS_DIR; };
		8E86B8A425CA8CFE00EC6043 /* main.cpp */ = {isa = PBXFileReference; lastKnownFileType = sourcecode.cpp.cpp; path = main.cpp; sourceTree = "<group>"; };
		8E86BB1125CA9C9E00EC6043 /* openGLPractice.entitlements */ = {isa = PBXFileReference; lastKnownFileType = text.plist.entitlements; path = openGLPractice.entitlements; sourceTree = "<group>"; };
		8E86BDF725CAA87000EC6043 /* Cocoa.framework */ = {isa = PBXFileReference; lastKnownFileType = wrapper.framework; name = Cocoa.framework; path = System/Library/Frameworks/Cocoa.framework; sourceTree = SDKROOT; };
		8E86BDF925CAA87C00EC6043 /* OpenGL.framework */ = {isa = PBXFileReference; lastKnownFileType = wrapper.framework; name = OpenGL.framework; path = System/Library/Frameworks/OpenGL.framework; sourceTree = SDKROOT; };
		8E86BDFB25CAA88100EC6043 /* GLUT.framework */ = {isa = PBXFileReference; lastKnownFileType = wrapper.framework; name = GLUT.framework; path = System/Library/Frameworks/GLUT.framework; sourceTree = SDKROOT; };
		8E86BDFD25CAA88D00EC6043 /* CoreVideo.framework */ = {isa = PBXFileReference; lastKnownFileType = wrapper.framework; name = CoreVideo.framework; path = System/Library/Frameworks/CoreVideo.framework; sourceTree = SDKROOT; };
		8E86BDFF25CAA89400EC6043 /* IOKit.framework */ = {isa = PBXFileReference; lastKnownFileType = wrapper.framework; name = IOKit.framework; path = System/Library/Frameworks/IOKit.framework; sourceTree = SDKROOT; };
		8E86BE0225CAA92200EC6043 /* libglfw3.a */ = {isa = PBXFileReference; lastKnownFileType = archive.ar; name = libglfw3.a; path = ../../../../../usr/local/lib/libglfw3.a; sourceTree = "<group>"; };
		8EC0331225CB8E6500571E15 /* glad.c */ = {isa = PBXFileReference; fileEncoding = 4; lastKnownFileType = sourcecode.c.c; name = glad.c; path = ../../glad/src/glad.c; sourceTree = "<group>"; };
		8ECE515125DF943A002018F3 /* shader.hpp */ = {isa = PBXFileReference; lastKnownFileType = sourcecode.cpp.h; path = shader.hpp; sourceTree = "<group>"; };
		8ECE517625DFAB9F002018F3 /* transform.vs */ = {isa = PBXFileReference; lastKnownFileType = sourcecode.glsl; path = transform.vs; sourceTree = "<group>"; };
		8ECE517725DFAC15002018F3 /* transform.fs */ = {isa = PBXFileReference; lastKnownFileType = sourcecode.glsl; path = transform.fs; sourceTree = "<group>"; };
		8ECE517A25DFBE27002018F3 /* stb_image.h */ = {isa = PBXFileReference; lastKnownFileType = sourcecode.c.h; path = stb_image.h; sourceTree = "<group>"; };
		8ECE517B25DFBE5D002018F3 /* stb_image.cpp */ = {isa = PBXFileReference; lastKnownFileType = sourcecode.cpp.cpp; path = stb_image.cpp; sourceTree = "<group>"; };
		8ECE517D25DFBEE2002018F3 /* container.jpg */ = {isa = PBXFileReference; lastKnownFileType = image.jpeg; path = container.jpg; sourceTree = "<group>"; };
/* End PBXFileReference section */

/* Begin PBXFrameworksBuildPhase section */
		8E86B89E25CA8CFE00EC6043 /* Frameworks */ = {
			isa = PBXFrameworksBuildPhase;
			buildActionMask = 2147483647;
			files = (
				8E4A3A2125CABC3B00024AF4 /* Cocoa.framework in Frameworks */,
				8E4A3A2525CABC3E00024AF4 /* GLUT.framework in Frameworks */,
				8E4A399425CAAF8A00024AF4 /* libglfw3.a in Frameworks */,
				8E4A3A2325CABC3C00024AF4 /* CoreVideo.framework in Frameworks */,
				8E4A3A2725CABC3F00024AF4 /* IOKit.framework in Frameworks */,
				8E4A3A2925CABC4000024AF4 /* OpenGL.framework in Frameworks */,
			);
			runOnlyForDeploymentPostprocessing = 0;
		};
/* End PBXFrameworksBuildPhase section */

/* Begin PBXGroup section */
		8E4A38EB25CAAF4600024AF4 /* Products */ = {
			isa = PBXGroup;
			children = (
				8E4A391125CAAF4700024AF4 /* boing */,
				8E4A391325CAAF4700024AF4 /* clipboard */,
				8E4A391525CAAF4700024AF4 /* cursor */,
				8E4A391725CAAF4700024AF4 /* empty */,
				8E4A391925CAAF4700024AF4 /* events */,
				8E4A391B25CAAF4700024AF4 /* gamma */,
				8E4A391D25CAAF4700024AF4 /* gears */,
				8E4A391F25CAAF4700024AF4 /* libglfw3.a */,
				8E4A392125CAAF4700024AF4 /* glfwinfo */,
				8E4A392325CAAF4700024AF4 /* heightmap */,
				8E4A392525CAAF4700024AF4 /* icon */,
				8E4A392725CAAF4700024AF4 /* iconify */,
				8E4A392925CAAF4700024AF4 /* inputlag */,
				8E4A392B25CAAF4700024AF4 /* joysticks */,
				8E4A392D25CAAF4700024AF4 /* monitors */,
				8E4A392F25CAAF4700024AF4 /* msaa */,
				8E4A393125CAAF4700024AF4 /* offscreen */,
				8E4A393325CAAF4700024AF4 /* particles */,
				8E4A393525CAAF4700024AF4 /* reopen */,
				8E4A393725CAAF4700024AF4 /* sharing */,
				8E4A393925CAAF4700024AF4 /* splitview */,
				8E4A393B25CAAF4700024AF4 /* tearing */,
				8E4A393D25CAAF4700024AF4 /* threads */,
				8E4A393F25CAAF4700024AF4 /* timeout */,
				8E4A394125CAAF4700024AF4 /* title */,
				8E4A394325CAAF4700024AF4 /* triangle-opengl */,
				8E4A394525CAAF4700024AF4 /* triangle-vulkan */,
				8E4A394725CAAF4700024AF4 /* wave */,
				8E4A394925CAAF4700024AF4 /* window */,
				8E4A394B25CAAF4700024AF4 /* windows */,
			);
			name = Products;
			sourceTree = "<group>";
		};
		8E86B89825CA8CFE00EC6043 = {
			isa = PBXGroup;
			children = (
				8E4A38EA25CAAF4600024AF4 /* GLFW.xcodeproj */,
				8E86B93325CA8DCF00EC6043 /* Frameworks */,
				8E86B8A325CA8CFE00EC6043 /* openGLPractice */,
				8E86B8A225CA8CFE00EC6043 /* Products */,
			);
			sourceTree = "<group>";
		};
		8E86B8A225CA8CFE00EC6043 /* Products */ = {
			isa = PBXGroup;
			children = (
				8E86B8A125CA8CFE00EC6043 /* openGLPractice */,
			);
			name = Products;
			sourceTree = "<group>";
		};
		8E86B8A325CA8CFE00EC6043 /* openGLPractice */ = {
			isa = PBXGroup;
			children = (
				8ECE517725DFAC15002018F3 /* transform.fs */,
				8ECE517625DFAB9F002018F3 /* transform.vs */,
				8E4AD73B25E0ADDB00B24BE2 /* awesomeface.png */,
				8ECE517D25DFBEE2002018F3 /* container.jpg */,
				8EC0331225CB8E6500571E15 /* glad.c */,
				8E86B8A425CA8CFE00EC6043 /* main.cpp */,
				8E86BB1125CA9C9E00EC6043 /* openGLPractice.entitlements */,
				8E4AD70E25DFC05E00B24BE2 /* shader.cpp */,
				8ECE515125DF943A002018F3 /* shader.hpp */,
				8ECE517B25DFBE5D002018F3 /* stb_image.cpp */,
				8ECE517A25DFBE27002018F3 /* stb_image.h */,
			);
			path = openGLPractice;
			sourceTree = "<group>";
		};
		8E86B93325CA8DCF00EC6043 /* Frameworks */ = {
			isa = PBXGroup;
			children = (
				8E86BE0225CAA92200EC6043 /* libglfw3.a */,
				8E86BDFF25CAA89400EC6043 /* IOKit.framework */,
				8E86BDFD25CAA88D00EC6043 /* CoreVideo.framework */,
				8E86BDFB25CAA88100EC6043 /* GLUT.framework */,
				8E86BDF925CAA87C00EC6043 /* OpenGL.framework */,
				8E86BDF725CAA87000EC6043 /* Cocoa.framework */,
			);
			name = Frameworks;
			sourceTree = "<group>";
		};
/* End PBXGroup section */

/* Begin PBXNativeTarget section */
		8E86B8A025CA8CFE00EC6043 /* openGLPractice */ = {
			isa = PBXNativeTarget;
			buildConfigurationList = 8E86B8A825CA8CFE00EC6043 /* Build configuration list for PBXNativeTarget "openGLPractice" */;
			buildPhases = (
				8E86B89D25CA8CFE00EC6043 /* Sources */,
				8E86B89E25CA8CFE00EC6043 /* Frameworks */,
				8E86BC5C25CAA05700EC6043 /* Embed Libraries */,
			);
			buildRules = (
			);
			dependencies = (
			);
			name = openGLPractice;
			productName = openGLPractice;
			productReference = 8E86B8A125CA8CFE00EC6043 /* openGLPractice */;
			productType = "com.apple.product-type.tool";
		};
/* End PBXNativeTarget section */

/* Begin PBXProject section */
		8E86B89925CA8CFE00EC6043 /* Project object */ = {
			isa = PBXProject;
			attributes = {
				LastUpgradeCheck = 1240;
				TargetAttributes = {
					8E86B8A025CA8CFE00EC6043 = {
						CreatedOnToolsVersion = 12.4;
					};
				};
			};
			buildConfigurationList = 8E86B89C25CA8CFE00EC6043 /* Build configuration list for PBXProject "openGLPractice" */;
			compatibilityVersion = "Xcode 9.3";
			developmentRegion = en;
			hasScannedForEncodings = 0;
			knownRegions = (
				en,
				Base,
			);
			mainGroup = 8E86B89825CA8CFE00EC6043;
			productRefGroup = 8E86B8A225CA8CFE00EC6043 /* Products */;
			projectDirPath = "";
			projectReferences = (
				{
					ProductGroup = 8E4A38EB25CAAF4600024AF4 /* Products */;
					ProjectRef = 8E4A38EA25CAAF4600024AF4 /* GLFW.xcodeproj */;
				},
			);
			projectRoot = "";
			targets = (
				8E86B8A025CA8CFE00EC6043 /* openGLPractice */,
			);
		};
/* End PBXProject section */

/* Begin PBXReferenceProxy section */
		8E4A391125CAAF4700024AF4 /* boing */ = {
			isa = PBXReferenceProxy;
			fileType = "compiled.mach-o.executable";
			name = boing;
			path = boing.app;
			remoteRef = 8E4A391025CAAF4700024AF4 /* PBXContainerItemProxy */;
			sourceTree = BUILT_PRODUCTS_DIR;
		};
		8E4A391325CAAF4700024AF4 /* clipboard */ = {
			isa = PBXReferenceProxy;
			fileType = "compiled.mach-o.executable";
			path = clipboard;
			remoteRef = 8E4A391225CAAF4700024AF4 /* PBXContainerItemProxy */;
			sourceTree = BUILT_PRODUCTS_DIR;
		};
		8E4A391525CAAF4700024AF4 /* cursor */ = {
			isa = PBXReferenceProxy;
			fileType = "compiled.mach-o.executable";
			path = cursor;
			remoteRef = 8E4A391425CAAF4700024AF4 /* PBXContainerItemProxy */;
			sourceTree = BUILT_PRODUCTS_DIR;
		};
		8E4A391725CAAF4700024AF4 /* empty */ = {
			isa = PBXReferenceProxy;
			fileType = "compiled.mach-o.executable";
			name = empty;
			path = empty.app;
			remoteRef = 8E4A391625CAAF4700024AF4 /* PBXContainerItemProxy */;
			sourceTree = BUILT_PRODUCTS_DIR;
		};
		8E4A391925CAAF4700024AF4 /* events */ = {
			isa = PBXReferenceProxy;
			fileType = "compiled.mach-o.executable";
			path = events;
			remoteRef = 8E4A391825CAAF4700024AF4 /* PBXContainerItemProxy */;
			sourceTree = BUILT_PRODUCTS_DIR;
		};
		8E4A391B25CAAF4700024AF4 /* gamma */ = {
			isa = PBXReferenceProxy;
			fileType = "compiled.mach-o.executable";
			name = gamma;
			path = gamma.app;
			remoteRef = 8E4A391A25CAAF4700024AF4 /* PBXContainerItemProxy */;
			sourceTree = BUILT_PRODUCTS_DIR;
		};
		8E4A391D25CAAF4700024AF4 /* gears */ = {
			isa = PBXReferenceProxy;
			fileType = "compiled.mach-o.executable";
			name = gears;
			path = gears.app;
			remoteRef = 8E4A391C25CAAF4700024AF4 /* PBXContainerItemProxy */;
			sourceTree = BUILT_PRODUCTS_DIR;
		};
		8E4A391F25CAAF4700024AF4 /* libglfw3.a */ = {
			isa = PBXReferenceProxy;
			fileType = archive.ar;
			path = libglfw3.a;
			remoteRef = 8E4A391E25CAAF4700024AF4 /* PBXContainerItemProxy */;
			sourceTree = BUILT_PRODUCTS_DIR;
		};
		8E4A392125CAAF4700024AF4 /* glfwinfo */ = {
			isa = PBXReferenceProxy;
			fileType = "compiled.mach-o.executable";
			path = glfwinfo;
			remoteRef = 8E4A392025CAAF4700024AF4 /* PBXContainerItemProxy */;
			sourceTree = BUILT_PRODUCTS_DIR;
		};
		8E4A392325CAAF4700024AF4 /* heightmap */ = {
			isa = PBXReferenceProxy;
			fileType = "compiled.mach-o.executable";
			name = heightmap;
			path = heightmap.app;
			remoteRef = 8E4A392225CAAF4700024AF4 /* PBXContainerItemProxy */;
			sourceTree = BUILT_PRODUCTS_DIR;
		};
		8E4A392525CAAF4700024AF4 /* icon */ = {
			isa = PBXReferenceProxy;
			fileType = "compiled.mach-o.executable";
			name = icon;
			path = icon.app;
			remoteRef = 8E4A392425CAAF4700024AF4 /* PBXContainerItemProxy */;
			sourceTree = BUILT_PRODUCTS_DIR;
		};
		8E4A392725CAAF4700024AF4 /* iconify */ = {
			isa = PBXReferenceProxy;
			fileType = "compiled.mach-o.executable";
			path = iconify;
			remoteRef = 8E4A392625CAAF4700024AF4 /* PBXContainerItemProxy */;
			sourceTree = BUILT_PRODUCTS_DIR;
		};
		8E4A392925CAAF4700024AF4 /* inputlag */ = {
			isa = PBXReferenceProxy;
			fileType = "compiled.mach-o.executable";
			name = inputlag;
			path = inputlag.app;
			remoteRef = 8E4A392825CAAF4700024AF4 /* PBXContainerItemProxy */;
			sourceTree = BUILT_PRODUCTS_DIR;
		};
		8E4A392B25CAAF4700024AF4 /* joysticks */ = {
			isa = PBXReferenceProxy;
			fileType = "compiled.mach-o.executable";
			name = joysticks;
			path = joysticks.app;
			remoteRef = 8E4A392A25CAAF4700024AF4 /* PBXContainerItemProxy */;
			sourceTree = BUILT_PRODUCTS_DIR;
		};
		8E4A392D25CAAF4700024AF4 /* monitors */ = {
			isa = PBXReferenceProxy;
			fileType = "compiled.mach-o.executable";
			path = monitors;
			remoteRef = 8E4A392C25CAAF4700024AF4 /* PBXContainerItemProxy */;
			sourceTree = BUILT_PRODUCTS_DIR;
		};
		8E4A392F25CAAF4700024AF4 /* msaa */ = {
			isa = PBXReferenceProxy;
			fileType = "compiled.mach-o.executable";
			path = msaa;
			remoteRef = 8E4A392E25CAAF4700024AF4 /* PBXContainerItemProxy */;
			sourceTree = BUILT_PRODUCTS_DIR;
		};
		8E4A393125CAAF4700024AF4 /* offscreen */ = {
			isa = PBXReferenceProxy;
			fileType = "compiled.mach-o.executable";
			path = offscreen;
			remoteRef = 8E4A393025CAAF4700024AF4 /* PBXContainerItemProxy */;
			sourceTree = BUILT_PRODUCTS_DIR;
		};
		8E4A393325CAAF4700024AF4 /* particles */ = {
			isa = PBXReferenceProxy;
			fileType = "compiled.mach-o.executable";
			name = particles;
			path = particles.app;
			remoteRef = 8E4A393225CAAF4700024AF4 /* PBXContainerItemProxy */;
			sourceTree = BUILT_PRODUCTS_DIR;
		};
		8E4A393525CAAF4700024AF4 /* reopen */ = {
			isa = PBXReferenceProxy;
			fileType = "compiled.mach-o.executable";
			path = reopen;
			remoteRef = 8E4A393425CAAF4700024AF4 /* PBXContainerItemProxy */;
			sourceTree = BUILT_PRODUCTS_DIR;
		};
		8E4A393725CAAF4700024AF4 /* sharing */ = {
			isa = PBXReferenceProxy;
			fileType = "compiled.mach-o.executable";
			name = sharing;
			path = sharing.app;
			remoteRef = 8E4A393625CAAF4700024AF4 /* PBXContainerItemProxy */;
			sourceTree = BUILT_PRODUCTS_DIR;
		};
		8E4A393925CAAF4700024AF4 /* splitview */ = {
			isa = PBXReferenceProxy;
			fileType = "compiled.mach-o.executable";
			name = splitview;
			path = splitview.app;
			remoteRef = 8E4A393825CAAF4700024AF4 /* PBXContainerItemProxy */;
			sourceTree = BUILT_PRODUCTS_DIR;
		};
		8E4A393B25CAAF4700024AF4 /* tearing */ = {
			isa = PBXReferenceProxy;
			fileType = "compiled.mach-o.executable";
			name = tearing;
			path = tearing.app;
			remoteRef = 8E4A393A25CAAF4700024AF4 /* PBXContainerItemProxy */;
			sourceTree = BUILT_PRODUCTS_DIR;
		};
		8E4A393D25CAAF4700024AF4 /* threads */ = {
			isa = PBXReferenceProxy;
			fileType = "compiled.mach-o.executable";
			name = threads;
			path = threads.app;
			remoteRef = 8E4A393C25CAAF4700024AF4 /* PBXContainerItemProxy */;
			sourceTree = BUILT_PRODUCTS_DIR;
		};
		8E4A393F25CAAF4700024AF4 /* timeout */ = {
			isa = PBXReferenceProxy;
			fileType = "compiled.mach-o.executable";
			name = timeout;
			path = timeout.app;
			remoteRef = 8E4A393E25CAAF4700024AF4 /* PBXContainerItemProxy */;
			sourceTree = BUILT_PRODUCTS_DIR;
		};
		8E4A394125CAAF4700024AF4 /* title */ = {
			isa = PBXReferenceProxy;
			fileType = "compiled.mach-o.executable";
			name = title;
			path = title.app;
			remoteRef = 8E4A394025CAAF4700024AF4 /* PBXContainerItemProxy */;
			sourceTree = BUILT_PRODUCTS_DIR;
		};
		8E4A394325CAAF4700024AF4 /* triangle-opengl */ = {
			isa = PBXReferenceProxy;
			fileType = "compiled.mach-o.executable";
			name = "triangle-opengl";
			path = "triangle-opengl.app";
			remoteRef = 8E4A394225CAAF4700024AF4 /* PBXContainerItemProxy */;
			sourceTree = BUILT_PRODUCTS_DIR;
		};
		8E4A394525CAAF4700024AF4 /* triangle-vulkan */ = {
			isa = PBXReferenceProxy;
			fileType = "compiled.mach-o.executable";
			path = "triangle-vulkan";
			remoteRef = 8E4A394425CAAF4700024AF4 /* PBXContainerItemProxy */;
			sourceTree = BUILT_PRODUCTS_DIR;
		};
		8E4A394725CAAF4700024AF4 /* wave */ = {
			isa = PBXReferenceProxy;
			fileType = "compiled.mach-o.executable";
			name = wave;
			path = wave.app;
			remoteRef = 8E4A394625CAAF4700024AF4 /* PBXContainerItemProxy */;
			sourceTree = BUILT_PRODUCTS_DIR;
		};
		8E4A394925CAAF4700024AF4 /* window */ = {
			isa = PBXReferenceProxy;
			fileType = "compiled.mach-o.executable";
			name = window;
			path = window.app;
			remoteRef = 8E4A394825CAAF4700024AF4 /* PBXContainerItemProxy */;
			sourceTree = BUILT_PRODUCTS_DIR;
		};
		8E4A394B25CAAF4700024AF4 /* windows */ = {
			isa = PBXReferenceProxy;
			fileType = "compiled.mach-o.executable";
			name = windows;
			path = windows.app;
			remoteRef = 8E4A394A25CAAF4700024AF4 /* PBXContainerItemProxy */;
			sourceTree = BUILT_PRODUCTS_DIR;
		};
/* End PBXReferenceProxy section */

/* Begin PBXSourcesBuildPhase section */
		8E86B89D25CA8CFE00EC6043 /* Sources */ = {
			isa = PBXSourcesBuildPhase;
			buildActionMask = 2147483647;
			files = (
				8ECE517C25DFBE5D002018F3 /* stb_image.cpp in Sources */,
				8EC0333925CB9D9600571E15 /* main.cpp in Sources */,
				8E4AD70F25DFC05E00B24BE2 /* shader.cpp in Sources */,
				8EC0331325CB8E6500571E15 /* glad.c in Sources */,
			);
			runOnlyForDeploymentPostprocessing = 0;
		};
/* End PBXSourcesBuildPhase section */

/* Begin XCBuildConfiguration section */
		8E86B8A625CA8CFE00EC6043 /* Debug */ = {
			isa = XCBuildConfiguration;
			buildSettings = {
				ALWAYS_SEARCH_USER_PATHS = NO;
				CLANG_ANALYZER_NONNULL = YES;
				CLANG_ANALYZER_NUMBER_OBJECT_CONVERSION = YES_AGGRESSIVE;
				CLANG_CXX_LANGUAGE_STANDARD = "gnu++14";
				CLANG_CXX_LIBRARY = "libc++";
				CLANG_ENABLE_MODULES = YES;
				CLANG_ENABLE_OBJC_ARC = YES;
				CLANG_ENABLE_OBJC_WEAK = YES;
				CLANG_WARN_BLOCK_CAPTURE_AUTORELEASING = YES;
				CLANG_WARN_BOOL_CONVERSION = YES;
				CLANG_WARN_COMMA = YES;
				CLANG_WARN_CONSTANT_CONVERSION = YES;
				CLANG_WARN_DEPRECATED_OBJC_IMPLEMENTATIONS = YES;
				CLANG_WARN_DIRECT_OBJC_ISA_USAGE = YES_ERROR;
				CLANG_WARN_DOCUMENTATION_COMMENTS = YES;
				CLANG_WARN_EMPTY_BODY = YES;
				CLANG_WARN_ENUM_CONVERSION = YES;
				CLANG_WARN_INFINITE_RECURSION = YES;
				CLANG_WARN_INT_CONVERSION = YES;
				CLANG_WARN_NON_LITERAL_NULL_CONVERSION = YES;
				CLANG_WARN_OBJC_IMPLICIT_RETAIN_SELF = YES;
				CLANG_WARN_OBJC_LITERAL_CONVERSION = YES;
				CLANG_WARN_OBJC_ROOT_CLASS = YES_ERROR;
				CLANG_WARN_QUOTED_INCLUDE_IN_FRAMEWORK_HEADER = YES;
				CLANG_WARN_RANGE_LOOP_ANALYSIS = YES;
				CLANG_WARN_STRICT_PROTOTYPES = YES;
				CLANG_WARN_SUSPICIOUS_MOVE = YES;
				CLANG_WARN_UNGUARDED_AVAILABILITY = YES_AGGRESSIVE;
				CLANG_WARN_UNREACHABLE_CODE = YES;
				CLANG_WARN__DUPLICATE_METHOD_MATCH = YES;
				COPY_PHASE_STRIP = NO;
				DEBUG_INFORMATION_FORMAT = dwarf;
				ENABLE_STRICT_OBJC_MSGSEND = YES;
				ENABLE_TESTABILITY = YES;
				GCC_C_LANGUAGE_STANDARD = gnu11;
				GCC_DYNAMIC_NO_PIC = NO;
				GCC_NO_COMMON_BLOCKS = YES;
				GCC_OPTIMIZATION_LEVEL = 0;
				GCC_PREPROCESSOR_DEFINITIONS = (
					"DEBUG=1",
					"$(inherited)",
				);
				GCC_WARN_64_TO_32_BIT_CONVERSION = YES;
				GCC_WARN_ABOUT_RETURN_TYPE = YES_ERROR;
				GCC_WARN_UNDECLARED_SELECTOR = YES;
				GCC_WARN_UNINITIALIZED_AUTOS = YES_AGGRESSIVE;
				GCC_WARN_UNUSED_FUNCTION = YES;
				GCC_WARN_UNUSED_VARIABLE = YES;
				MACOSX_DEPLOYMENT_TARGET = 11.1;
				MTL_ENABLE_DEBUG_INFO = INCLUDE_SOURCE;
				MTL_FAST_MATH = YES;
				ONLY_ACTIVE_ARCH = YES;
				SDKROOT = macosx;
			};
			name = Debug;
		};
		8E86B8A725CA8CFE00EC6043 /* Release */ = {
			isa = XCBuildConfiguration;
			buildSettings = {
				ALWAYS_SEARCH_USER_PATHS = NO;
				CLANG_ANALYZER_NONNULL = YES;
				CLANG_ANALYZER_NUMBER_OBJECT_CONVERSION = YES_AGGRESSIVE;
				CLANG_CXX_LANGUAGE_STANDARD = "gnu++14";
				CLANG_CXX_LIBRARY = "libc++";
				CLANG_ENABLE_MODULES = YES;
				CLANG_ENABLE_OBJC_ARC = YES;
				CLANG_ENABLE_OBJC_WEAK = YES;
				CLANG_WARN_BLOCK_CAPTURE_AUTORELEASING = YES;
				CLANG_WARN_BOOL_CONVERSION = YES;
				CLANG_WARN_COMMA = YES;
				CLANG_WARN_CONSTANT_CONVERSION = YES;
				CLANG_WARN_DEPRECATED_OBJC_IMPLEMENTATIONS = YES;
				CLANG_WARN_DIRECT_OBJC_ISA_USAGE = YES_ERROR;
				CLANG_WARN_DOCUMENTATION_COMMENTS = YES;
				CLANG_WARN_EMPTY_BODY = YES;
				CLANG_WARN_ENUM_CONVERSION = YES;
				CLANG_WARN_INFINITE_RECURSION = YES;
				CLANG_WARN_INT_CONVERSION = YES;
				CLANG_WARN_NON_LITERAL_NULL_CONVERSION = YES;
				CLANG_WARN_OBJC_IMPLICIT_RETAIN_SELF = YES;
				CLANG_WARN_OBJC_LITERAL_CONVERSION = YES;
				CLANG_WARN_OBJC_ROOT_CLASS = YES_ERROR;
				CLANG_WARN_QUOTED_INCLUDE_IN_FRAMEWORK_HEADER = YES;
				CLANG_WARN_RANGE_LOOP_ANALYSIS = YES;
				CLANG_WARN_STRICT_PROTOTYPES = YES;
				CLANG_WARN_SUSPICIOUS_MOVE = YES;
				CLANG_WARN_UNGUARDED_AVAILABILITY = YES_AGGRESSIVE;
				CLANG_WARN_UNREACHABLE_CODE = YES;
				CLANG_WARN__DUPLICATE_METHOD_MATCH = YES;
				COPY_PHASE_STRIP = NO;
				DEBUG_INFORMATION_FORMAT = "dwarf-with-dsym";
				ENABLE_NS_ASSERTIONS = NO;
				ENABLE_STRICT_OBJC_MSGSEND = YES;
				GCC_C_LANGUAGE_STANDARD = gnu11;
				GCC_NO_COMMON_BLOCKS = YES;
				GCC_WARN_64_TO_32_BIT_CONVERSION = YES;
				GCC_WARN_ABOUT_RETURN_TYPE = YES_ERROR;
				GCC_WARN_UNDECLARED_SELECTOR = YES;
				GCC_WARN_UNINITIALIZED_AUTOS = YES_AGGRESSIVE;
				GCC_WARN_UNUSED_FUNCTION = YES;
				GCC_WARN_UNUSED_VARIABLE = YES;
				MACOSX_DEPLOYMENT_TARGET = 11.1;
				MTL_ENABLE_DEBUG_INFO = NO;
				MTL_FAST_MATH = YES;
				SDKROOT = macosx;
			};
			name = Release;
		};
		8E86B8A925CA8CFE00EC6043 /* Debug */ = {
			isa = XCBuildConfiguration;
			buildSettings = {
				ALWAYS_SEARCH_USER_PATHS = NO;
				CODE_SIGN_ENTITLEMENTS = openGLPractice/openGLPractice.entitlements;
				CODE_SIGN_IDENTITY = "Apple Development";
				CODE_SIGN_STYLE = Automatic;
				DEVELOPMENT_TEAM = P566DZPNMN;
				ENABLE_HARDENED_RUNTIME = NO;
				GCC_INPUT_FILETYPE = automatic;
				HEADER_SEARCH_PATHS = (
					"${SRCROOT}/../glfw/include",
					"${SRCROOT}/../glad/include",
					"${SRCROOT}/../glm/include",
				);
				LD_RUNPATH_SEARCH_PATHS = "${SRCROOT}/../glfw/build/src/Debug";
				LIBRARY_SEARCH_PATHS = (
					"${SRCROOT}/../glad/src",
					"${SRCROOT}/../glfw/src",
				);
				PRODUCT_NAME = "$(TARGET_NAME)";
			};
			name = Debug;
		};
		8E86B8AA25CA8CFE00EC6043 /* Release */ = {
			isa = XCBuildConfiguration;
			buildSettings = {
				ALWAYS_SEARCH_USER_PATHS = NO;
				CODE_SIGN_ENTITLEMENTS = openGLPractice/openGLPractice.entitlements;
				CODE_SIGN_IDENTITY = "Apple Development";
				CODE_SIGN_STYLE = Automatic;
				DEVELOPMENT_TEAM = P566DZPNMN;
				ENABLE_HARDENED_RUNTIME = NO;
				GCC_INPUT_FILETYPE = automatic;
				HEADER_SEARCH_PATHS = (
					"${SRCROOT}/../glfw/include",
					"${SRCROOT}/../glad/include",
					"${SRCROOT}/../glm/include",
				);
				LD_RUNPATH_SEARCH_PATHS = "${SRCROOT}/../glfw/build/src/Debug";
				LIBRARY_SEARCH_PATHS = (
					"${SRCROOT}/../glad/src",
					"${SRCROOT}/../glfw/src",
				);
				PRODUCT_NAME = "$(TARGET_NAME)";
			};
			name = Release;
		};
/* End XCBuildConfiguration section */

/* Begin XCConfigurationList section */
		8E86B89C25CA8CFE00EC6043 /* Build configuration list for PBXProject "openGLPractice" */ = {
			isa = XCConfigurationList;
			buildConfigurations = (
				8E86B8A625CA8CFE00EC6043 /* Debug */,
				8E86B8A725CA8CFE00EC6043 /* Release */,
			);
			defaultConfigurationIsVisible = 0;
			defaultConfigurationName = Release;
		};
		8E86B8A825CA8CFE00EC6043 /* Build configuration list for PBXNativeTarget "openGLPractice" */ = {
			isa = XCConfigurationList;
			buildConfigurations = (
				8E86B8A925CA8CFE00EC6043 /* Debug */,
				8E86B8AA25CA8CFE00EC6043 /* Release */,
			);
			defaultConfigurationIsVisible = 0;
			defaultConfigurationName = Release;
		};
/* End XCConfigurationList section */
	};
	rootObject = 8E86B89925CA8CFE00EC6043 /* Project object */;
}
